{
  "name": "typescript",
  "version": "1.0.0",
  "lockfileVersion": 2,
  "requires": true,
  "packages": {
    "": {
      "name": "typescript",
      "version": "1.0.0",
      "license": "ISC",
      "devDependencies": {
        "@tsconfig/node14": "^1.0.1",
        "@types/node": "^17.0.17"
      }
    },
    "node_modules/@tsconfig/node14": {
      "version": "1.0.1",
      "resolved": "https://registry.npmjs.org/@tsconfig/node14/-/node14-1.0.1.tgz",
      "integrity": "sha512-509r2+yARFfHHE7T6Puu2jjkoycftovhXRqW328PDXTVGKihlb1P8Z9mMZH04ebyajfRY7dedfGynlrFHJUQCg==",
      "dev": true
    },
    "node_modules/@types/node": {
      "version": "17.0.17",
      "resolved": "https://registry.npmjs.org/@types/node/-/node-17.0.17.tgz",
      "integrity": "sha512-e8PUNQy1HgJGV3iU/Bp2+D/DXh3PYeyli8LgIwsQcs1Ar1LoaWHSIT6Rw+H2rNJmiq6SNWiDytfx8+gYj7wDHw==",
      "dev": true
    }
  },
  "dependencies": {
    "@tsconfig/node14": {
      "version": "1.0.1",
      "resolved": "https://registry.npmjs.org/@tsconfig/node14/-/node14-1.0.1.tgz",
      "integrity": "sha512-509r2+yARFfHHE7T6Puu2jjkoycftovhXRqW328PDXTVGKihlb1P8Z9mMZH04ebyajfRY7dedfGynlrFHJUQCg==",
      "dev": true
    },
    "@types/node": {
      "version": "17.0.17",
      "resolved": "https://registry.npmjs.org/@types/node/-/node-17.0.17.tgz",
      "integrity": "sha512-e8PUNQy1HgJGV3iU/Bp2+D/DXh3PYeyli8LgIwsQcs1Ar1LoaWHSIT6Rw+H2rNJmiq6SNWiDytfx8+gYj7wDHw==",
      "dev": true
    }
  }
}
